
Microsoft Visual Studio Solution File, Format Version 12.00
# Visual Studio Version 17
VisualStudioVersion = 17.5.33516.290
MinimumVisualStudioVersion = 10.0.40219.1
Project("{8BC9CEB8-8B4A-11D0-8D11-00A0C91BC942}") = "Aster", "Aster.vcxproj", "{BB215505-BD16-4044-91FE-5CD43D060491}"
EndProject
Global
	GlobalSection(SolutionConfigurationPlatforms) = preSolution
		Debug|x64 = Debug|x64
		Debug|x86 = Debug|x86
		Release|x64 = Release|x64
		Release|x86 = Release|x86
	EndGlobalSection
	GlobalSection(ProjectConfigurationPlatforms) = postSolution
		{BB215505-BD16-4044-91FE-5CD43D060491}.Debug|x64.ActiveCfg = Debug|x64
		{BB215505-BD16-4044-91FE-5CD43D060491}.Debug|x64.Build.0 = Debug|x64
		{BB215505-BD16-4044-91FE-5CD43D060491}.Debug|x86.ActiveCfg = Debug|Win32
		{BB215505-BD16-4044-91FE-5CD43D060491}.Debug|x86.Build.0 = Debug|Win32
		{BB215505-BD16-4044-91FE-5CD43D060491}.Release|x64.ActiveCfg = Release|x64
		{BB215505-BD16-4044-91FE-5CD43D060491}.Release|x64.Build.0 = Release|x64
		{BB215505-BD16-4044-91FE-5CD43D060491}.Release|x86.ActiveCfg = Release|Win32
		{BB215505-BD16-4044-91FE-5CD43D060491}.Release|x86.Build.0 = Release|Win32
	EndGlobalSection
	GlobalSection(SolutionProperties) = preSolution
		HideSolutionNode = FALSE
	EndGlobalSection
	GlobalSection(ExtensibilityGlobals) = postSolution
		SolutionGuid = {38B3D4B1-93D1-44A2-844E-910F85D7277F}
	EndGlobalSection
EndGlobal
